
Microsoft Visual Studio Solution File, Format Version 11.00
# Visual Studio 2010
Project("{FAE04EC0-301F-11D3-BF4B-00C04F79EFBC}") = "Flappy CP", "Assembly-CSharp.csproj", "{EC1EB91D-6310-5321-1D4A-D51A5E46DE03}"
EndProject
Global
	GlobalSection(SolutionConfigurationPlatforms) = preSolution
		Debug|Any CPU = Debug|Any CPU
		Release|Any CPU = Release|Any CPU
	EndGlobalSection
	GlobalSection(ProjectConfigurationPlatforms) = postSolution
		{EC1EB91D-6310-5321-1D4A-D51A5E46DE03}.Debug|Any CPU.ActiveCfg = Debug|Any CPU
		{EC1EB91D-6310-5321-1D4A-D51A5E46DE03}.Debug|Any CPU.Build.0 = Debug|Any CPU
		{EC1EB91D-6310-5321-1D4A-D51A5E46DE03}.Release|Any CPU.ActiveCfg = Release|Any CPU
		{EC1EB91D-6310-5321-1D4A-D51A5E46DE03}.Release|Any CPU.Build.0 = Release|Any CPU
	EndGlobalSection
	GlobalSection(SolutionProperties) = preSolution
		HideSolutionNode = FALSE
	EndGlobalSection
	GlobalSection(MonoDevelopProperties) = preSolution
		StartupItem = Assembly-CSharp.csproj
	EndGlobalSection
EndGlobal
